
Microsoft Visual Studio Solution File, Format Version 12.00
# Visual Studio Version 16
VisualStudioVersion = 16.0.30717.126
MinimumVisualStudioVersion = 10.0.40219.1
Project("{FAE04EC0-301F-11D3-BF4B-00C04F79EFBC}") = "Cake_Shop_App", "Cake_Shop_App\Cake_Shop_App.csproj", "{BD6E1D9C-88DC-44B3-8336-C77F7C86BCA5}"
EndProject
Global
	GlobalSection(SolutionConfigurationPlatforms) = preSolution
		Debug|Any CPU = Debug|Any CPU
		Release|Any CPU = Release|Any CPU
	EndGlobalSection
	GlobalSection(ProjectConfigurationPlatforms) = postSolution
		{BD6E1D9C-88DC-44B3-8336-C77F7C86BCA5}.Debug|Any CPU.ActiveCfg = Debug|Any CPU
		{BD6E1D9C-88DC-44B3-8336-C77F7C86BCA5}.Debug|Any CPU.Build.0 = Debug|Any CPU
		{BD6E1D9C-88DC-44B3-8336-C77F7C86BCA5}.Release|Any CPU.ActiveCfg = Release|Any CPU
		{BD6E1D9C-88DC-44B3-8336-C77F7C86BCA5}.Release|Any CPU.Build.0 = Release|Any CPU
	EndGlobalSection
	GlobalSection(SolutionProperties) = preSolution
		HideSolutionNode = FALSE
	EndGlobalSection
	GlobalSection(ExtensibilityGlobals) = postSolution
		SolutionGuid = {C2CCF9CC-8D37-4743-A3AA-582FF8AE1B39}
	EndGlobalSection
EndGlobal
